
Microsoft Visual Studio Solution File, Format Version 12.00
# Visual Studio 15
VisualStudioVersion = 15.0.27703.2035
MinimumVisualStudioVersion = 10.0.40219.1
Project("{9A19103F-16F7-4668-BE54-9A1E7A4F7556}") = "ngTesteViaVarejo", "src\ngTesteViaVarejo.csproj", "{B6103492-264B-4F73-84CA-1367D06DEACC}"

EndProject
Global
	GlobalSection(SolutionConfigurationPlatforms) = preSolution
		Debug|Any CPU = Debug|Any CPU
		Release|Any CPU = Release|Any CPU
	EndGlobalSection
	GlobalSection(ProjectConfigurationPlatforms) = postSolution
		{B6103492-264B-4F73-84CA-1367D06DEACC}.Debug|Any CPU.ActiveCfg = Debug|Any CPU
		{B6103492-264B-4F73-84CA-1367D06DEACC}.Debug|Any CPU.Build.0 = Debug|Any CPU
		{B6103492-264B-4F73-84CA-1367D06DEACC}.Release|Any CPU.ActiveCfg = Release|Any CPU
		{B6103492-264B-4F73-84CA-1367D06DEACC}.Release|Any CPU.Build.0 = Release|Any CPU
	EndGlobalSection
	GlobalSection(SolutionProperties) = preSolution
		HideSolutionNode = FALSE
	EndGlobalSection
	GlobalSection(ExtensibilityGlobals) = postSolution
		SolutionGuid = {1D9C9A13-4373-49E7-9A18-4AA51D09AA39}
	EndGlobalSection
EndGlobal
